// !$*UTF8*$!
{
	archiveVersion = 1;
	classes = {
	};
	objectVersion = 46;
	objects = {

/* Begin PBXBuildFile section */
		875D86121F72ADEE009962C0 /* AppDelegate.swift in Sources */ = {isa = PBXBuildFile; fileRef = 875D86111F72ADEE009962C0 /* AppDelegate.swift */; };
		875D86171F72ADEE009962C0 /* Main.storyboard in Resources */ = {isa = PBXBuildFile; fileRef = 875D86151F72ADEE009962C0 /* Main.storyboard */; };
		875D86191F72ADEE009962C0 /* Assets.xcassets in Resources */ = {isa = PBXBuildFile; fileRef = 875D86181F72ADEE009962C0 /* Assets.xcassets */; };
		875D861C1F72ADEE009962C0 /* LaunchScreen.storyboard in Resources */ = {isa = PBXBuildFile; fileRef = 875D861A1F72ADEE009962C0 /* LaunchScreen.storyboard */; };
		875D86241F72CD38009962C0 /* BaseViewController.swift in Sources */ = {isa = PBXBuildFile; fileRef = 875D86231F72CD38009962C0 /* BaseViewController.swift */; };
		875D86271F72CE3A009962C0 /* PresentedViewController.swift in Sources */ = {isa = PBXBuildFile; fileRef = 875D86251F72CE3A009962C0 /* PresentedViewController.swift */; };
		875D86281F72CE3A009962C0 /* PresentedViewController.xib in Resources */ = {isa = PBXBuildFile; fileRef = 875D86261F72CE3A009962C0 /* PresentedViewController.xib */; };
		875D862B1F72CE53009962C0 /* ShowedViewController.swift in Sources */ = {isa = PBXBuildFile; fileRef = 875D86291F72CE53009962C0 /* ShowedViewController.swift */; };
		875D862C1F72CE53009962C0 /* ShowedViewController.xib in Resources */ = {isa = PBXBuildFile; fileRef = 875D862A1F72CE53009962C0 /* ShowedViewController.xib */; };
/* End PBXBuildFile section */

/* Begin PBXFileReference section */
		875D860E1F72ADEE009962C0 /* Presented View Controller.app */ = {isa = PBXFileReference; explicitFileType = wrapper.application; includeInIndex = 0; path = "Presented View Controller.app"; sourceTree = BUILT_PRODUCTS_DIR; };
		875D86111F72ADEE009962C0 /* AppDelegate.swift */ = {isa = PBXFileReference; lastKnownFileType = sourcecode.swift; path = AppDelegate.swift; sourceTree = "<group>"; };
		875D86161F72ADEE009962C0 /* Base */ = {isa = PBXFileReference; lastKnownFileType = file.storyboard; name = Base; path = Base.lproj/Main.storyboard; sourceTree = "<group>"; };
		875D86181F72ADEE009962C0 /* Assets.xcassets */ = {isa = PBXFileReference; lastKnownFileType = folder.assetcatalog; path = Assets.xcassets; sourceTree = "<group>"; };
		875D861B1F72ADEE009962C0 /* Base */ = {isa = PBXFileReference; lastKnownFileType = file.storyboard; name = Base; path = Base.lproj/LaunchScreen.storyboard; sourceTree = "<group>"; };
		875D861D1F72ADEE009962C0 /* Info.plist */ = {isa = PBXFileReference; lastKnownFileType = text.plist.xml; path = Info.plist; sourceTree = "<group>"; };
		875D86231F72CD38009962C0 /* BaseViewController.swift */ = {isa = PBXFileReference; fileEncoding = 4; lastKnownFileType = sourcecode.swift; path = BaseViewController.swift; sourceTree = "<group>"; };
		875D86251F72CE3A009962C0 /* PresentedViewController.swift */ = {isa = PBXFileReference; fileEncoding = 4; lastKnownFileType = sourcecode.swift; path = PresentedViewController.swift; sourceTree = "<group>"; };
		875D86261F72CE3A009962C0 /* PresentedViewController.xib */ = {isa = PBXFileReference; fileEncoding = 4; lastKnownFileType = file.xib; path = PresentedViewController.xib; sourceTree = "<group>"; };
		875D86291F72CE53009962C0 /* ShowedViewController.swift */ = {isa = PBXFileReference; fileEncoding = 4; lastKnownFileType = sourcecode.swift; path = ShowedViewController.swift; sourceTree = "<group>"; };
		875D862A1F72CE53009962C0 /* ShowedViewController.xib */ = {isa = PBXFileReference; fileEncoding = 4; lastKnownFileType = file.xib; path = ShowedViewController.xib; sourceTree = "<group>"; };
/* End PBXFileReference section */

/* Begin PBXFrameworksBuildPhase section */
		875D860B1F72ADEE009962C0 /* Frameworks */ = {
			isa = PBXFrameworksBuildPhase;
			buildActionMask = 2147483647;
			files = (
			);
			runOnlyForDeploymentPostprocessing = 0;
		};
/* End PBXFrameworksBuildPhase section */

/* Begin PBXGroup section */
		875D86051F72ADEE009962C0 = {
			isa = PBXGroup;
			children = (
				875D86101F72ADEE009962C0 /* Presented View Controller */,
				875D860F1F72ADEE009962C0 /* Products */,
			);
			sourceTree = "<group>";
		};
		875D860F1F72ADEE009962C0 /* Products */ = {
			isa = PBXGroup;
			children = (
				875D860E1F72ADEE009962C0 /* Presented View Controller.app */,
			);
			name = Products;
			sourceTree = "<group>";
		};
		875D86101F72ADEE009962C0 /* Presented View Controller */ = {
			isa = PBXGroup;
			children = (
				875D86231F72CD38009962C0 /* BaseViewController.swift */,
				875D86111F72ADEE009962C0 /* AppDelegate.swift */,
				875D86151F72ADEE009962C0 /* Main.storyboard */,
				875D86251F72CE3A009962C0 /* PresentedViewController.swift */,
				875D86261F72CE3A009962C0 /* PresentedViewController.xib */,
				875D86291F72CE53009962C0 /* ShowedViewController.swift */,
				875D862A1F72CE53009962C0 /* ShowedViewController.xib */,
				875D86181F72ADEE009962C0 /* Assets.xcassets */,
				875D861A1F72ADEE009962C0 /* LaunchScreen.storyboard */,
				875D861D1F72ADEE009962C0 /* Info.plist */,
			);
			path = "Presented View Controller";
			sourceTree = "<group>";
		};
/* End PBXGroup section */

/* Begin PBXNativeTarget section */
		875D860D1F72ADEE009962C0 /* Presented View Controller */ = {
			isa = PBXNativeTarget;
			buildConfigurationList = 875D86201F72ADEE009962C0 /* Build configuration list for PBXNativeTarget "Presented View Controller" */;
			buildPhases = (
				875D860A1F72ADEE009962C0 /* Sources */,
				875D860B1F72ADEE009962C0 /* Frameworks */,
				875D860C1F72ADEE009962C0 /* Resources */,
			);
			buildRules = (
			);
			dependencies = (
			);
			name = "Presented View Controller";
			productName = "Presented View Controller";
			productReference = 875D860E1F72ADEE009962C0 /* Presented View Controller.app */;
			productType = "com.apple.product-type.application";
		};
/* End PBXNativeTarget section */

/* Begin PBXProject section */
		875D86061F72ADEE009962C0 /* Project object */ = {
			isa = PBXProject;
			attributes = {
				LastSwiftUpdateCheck = 0830;
				LastUpgradeCheck = 0940;
				ORGANIZATIONNAME = rictelford;
				TargetAttributes = {
					875D860D1F72ADEE009962C0 = {
						CreatedOnToolsVersion = 8.3.3;
						DevelopmentTeam = U6J58C8CJT;
						LastSwiftMigration = 0940;
						ProvisioningStyle = Automatic;
					};
				};
			};
			buildConfigurationList = 875D86091F72ADEE009962C0 /* Build configuration list for PBXProject "Presented View Controller" */;
			compatibilityVersion = "Xcode 3.2";
			developmentRegion = English;
			hasScannedForEncodings = 0;
			knownRegions = (
				en,
				Base,
			);
			mainGroup = 875D86051F72ADEE009962C0;
			productRefGroup = 875D860F1F72ADEE009962C0 /* Products */;
			projectDirPath = "";
			projectRoot = "";
			targets = (
				875D860D1F72ADEE009962C0 /* Presented View Controller */,
			);
		};
/* End PBXProject section */

/* Begin PBXResourcesBuildPhase section */
		875D860C1F72ADEE009962C0 /* Resources */ = {
			isa = PBXResourcesBuildPhase;
			buildActionMask = 2147483647;
			files = (
				875D862C1F72CE53009962C0 /* ShowedViewController.xib in Resources */,
				875D861C1F72ADEE009962C0 /* LaunchScreen.storyboard in Resources */,
				875D86281F72CE3A009962C0 /* PresentedViewController.xib in Resources */,
				875D86191F72ADEE009962C0 /* Assets.xcassets in Resources */,
				875D86171F72ADEE009962C0 /* Main.storyboard in Resources */,
			);
			runOnlyForDeploymentPostprocessing = 0;
		};
/* End PBXResourcesBuildPhase section */

/* Begin PBXSourcesBuildPhase section */
		875D860A1F72ADEE009962C0 /* Sources */ = {
			isa = PBXSourcesBuildPhase;
			buildActionMask = 2147483647;
			files = (
				875D86121F72ADEE009962C0 /* AppDelegate.swift in Sources */,
				875D86241F72CD38009962C0 /* BaseViewController.swift in Sources */,
				875D862B1F72CE53009962C0 /* ShowedViewController.swift in Sources */,
				875D86271F72CE3A009962C0 /* PresentedViewController.swift in Sources */,
			);
			runOnlyForDeploymentPostprocessing = 0;
		};
/* End PBXSourcesBuildPhase section */

/* Begin PBXVariantGroup section */
		875D86151F72ADEE009962C0 /* Main.storyboard */ = {
			isa = PBXVariantGroup;
			children = (
				875D86161F72ADEE009962C0 /* Base */,
			);
			name = Main.storyboard;
			sourceTree = "<group>";
		};
		875D861A1F72ADEE009962C0 /* LaunchScreen.storyboard */ = {
			isa = PBXVariantGroup;
			children = (
				875D861B1F72ADEE009962C0 /* Base */,
			);
			name = LaunchScreen.storyboard;
			sourceTree = "<group>";
		};
/* End PBXVariantGroup section */

/* Begin XCBuildConfiguration section */
		875D861E1F72ADEE009962C0 /* Debug */ = {
			isa = XCBuildConfiguration;
			buildSettings = {
				ALWAYS_SEARCH_USER_PATHS = NO;
				CLANG_ANALYZER_NONNULL = YES;
				CLANG_ANALYZER_NUMBER_OBJECT_CONVERSION = YES_AGGRESSIVE;
				CLANG_CXX_LANGUAGE_STANDARD = "gnu++0x";
				CLANG_CXX_LIBRARY = "libc++";
				CLANG_ENABLE_MODULES = YES;
				CLANG_ENABLE_OBJC_ARC = YES;
				CLANG_WARN_BLOCK_CAPTURE_AUTORELEASING = YES;
				CLANG_WARN_BOOL_CONVERSION = YES;
				CLANG_WARN_COMMA = YES;
				CLANG_WARN_CONSTANT_CONVERSION = YES;
				CLANG_WARN_DEPRECATED_OBJC_IMPLEMENTATIONS = YES;
				CLANG_WARN_DIRECT_OBJC_ISA_USAGE = YES_ERROR;
				CLANG_WARN_DOCUMENTATION_COMMENTS = YES;
				CLANG_WARN_EMPTY_BODY = YES;
				CLANG_WARN_ENUM_CONVERSION = YES;
				CLANG_WARN_INFINITE_RECURSION = YES;
				CLANG_WARN_INT_CONVERSION = YES;
				CLANG_WARN_NON_LITERAL_NULL_CONVERSION = YES;
				CLANG_WARN_OBJC_IMPLICIT_RETAIN_SELF = YES;
				CLANG_WARN_OBJC_LITERAL_CONVERSION = YES;
				CLANG_WARN_OBJC_ROOT_CLASS = YES_ERROR;
				CLANG_WARN_RANGE_LOOP_ANALYSIS = YES;
				CLANG_WARN_STRICT_PROTOTYPES = YES;
				CLANG_WARN_SUSPICIOUS_MOVE = YES;
				CLANG_WARN_UNREACHABLE_CODE = YES;
				CLANG_WARN__DUPLICATE_METHOD_MATCH = YES;
				"CODE_SIGN_IDENTITY[sdk=iphoneos*]" = "iPhone Developer";
				COPY_PHASE_STRIP = NO;
				DEBUG_INFORMATION_FORMAT = dwarf;
				ENABLE_STRICT_OBJC_MSGSEND = YES;
				ENABLE_TESTABILITY = YES;
				GCC_C_LANGUAGE_STANDARD = gnu99;
				GCC_DYNAMIC_NO_PIC = NO;
				GCC_NO_COMMON_BLOCKS = YES;
				GCC_OPTIMIZATION_LEVEL = 0;
				GCC_PREPROCESSOR_DEFINITIONS = (
					"DEBUG=1",
					"$(inherited)",
				);
				GCC_WARN_64_TO_32_BIT_CONVERSION = YES;
				GCC_WARN_ABOUT_RETURN_TYPE = YES_ERROR;
				GCC_WARN_UNDECLARED_SELECTOR = YES;
				GCC_WARN_UNINITIALIZED_AUTOS = YES_AGGRESSIVE;
				GCC_WARN_UNUSED_FUNCTION = YES;
				GCC_WARN_UNUSED_VARIABLE = YES;
				IPHONEOS_DEPLOYMENT_TARGET = 10.3;
				MTL_ENABLE_DEBUG_INFO = YES;
				ONLY_ACTIVE_ARCH = YES;
				SDKROOT = iphoneos;
				SWIFT_ACTIVE_COMPILATION_CONDITIONS = DEBUG;
				SWIFT_OPTIMIZATION_LEVEL = "-Onone";
			};
			name = Debug;
		};
		875D861F1F72ADEE009962C0 /* Release */ = {
			isa = XCBuildConfiguration;
			buildSettings = {
				ALWAYS_SEARCH_USER_PATHS = NO;
				CLANG_ANALYZER_NONNULL = YES;
				CLANG_ANALYZER_NUMBER_OBJECT_CONVERSION = YES_AGGRESSIVE;
				CLANG_CXX_LANGUAGE_STANDARD = "gnu++0x";
				CLANG_CXX_LIBRARY = "libc++";
				CLANG_ENABLE_MODULES = YES;
				CLANG_ENABLE_OBJC_ARC = YES;
				CLANG_WARN_BLOCK_CAPTURE_AUTORELEASING = YES;
				CLANG_WARN_BOOL_CONVERSION = YES;
				CLANG_WARN_COMMA = YES;
				CLANG_WARN_CONSTANT_CONVERSION = YES;
				CLANG_WARN_DEPRECATED_OBJC_IMPLEMENTATIONS = YES;
				CLANG_WARN_DIRECT_OBJC_ISA_USAGE = YES_ERROR;
				CLANG_WARN_DOCUMENTATION_COMMENTS = YES;
				CLANG_WARN_EMPTY_BODY = YES;
				CLANG_WARN_ENUM_CONVERSION = YES;
				CLANG_WARN_INFINITE_RECURSION = YES;
				CLANG_WARN_INT_CONVERSION = YES;
				CLANG_WARN_NON_LITERAL_NULL_CONVERSION = YES;
				CLANG_WARN_OBJC_IMPLICIT_RETAIN_SELF = YES;
				CLANG_WARN_OBJC_LITERAL_CONVERSION = YES;
				CLANG_WARN_OBJC_ROOT_CLASS = YES_ERROR;
				CLANG_WARN_RANGE_LOOP_ANALYSIS = YES;
				CLANG_WARN_STRICT_PROTOTYPES = YES;
				CLANG_WARN_SUSPICIOUS_MOVE = YES;
				CLANG_WARN_UNREACHABLE_CODE = YES;
				CLANG_WARN__DUPLICATE_METHOD_MATCH = YES;
				"CODE_SIGN_IDENTITY[sdk=iphoneos*]" = "iPhone Developer";
				COPY_PHASE_STRIP = NO;
				DEBUG_INFORMATION_FORMAT = "dwarf-with-dsym";
				ENABLE_NS_ASSERTIONS = NO;
				ENABLE_STRICT_OBJC_MSGSEND = YES;
				GCC_C_LANGUAGE_STANDARD = gnu99;
				GCC_NO_COMMON_BLOCKS = YES;
				GCC_WARN_64_TO_32_BIT_CONVERSION = YES;
				GCC_WARN_ABOUT_RETURN_TYPE = YES_ERROR;
				GCC_WARN_UNDECLARED_SELECTOR = YES;
				GCC_WARN_UNINITIALIZED_AUTOS = YES_AGGRESSIVE;
				GCC_WARN_UNUSED_FUNCTION = YES;
				GCC_WARN_UNUSED_VARIABLE = YES;
				IPHONEOS_DEPLOYMENT_TARGET = 10.3;
				MTL_ENABLE_DEBUG_INFO = NO;
				SDKROOT = iphoneos;
				SWIFT_OPTIMIZATION_LEVEL = "-Owholemodule";
				VALIDATE_PRODUCT = YES;
			};
			name = Release;
		};
		875D86211F72ADEE009962C0 /* Debug */ = {
			isa = XCBuildConfiguration;
			buildSettings = {
				ASSETCATALOG_COMPILER_APPICON_NAME = AppIcon;
				DEVELOPMENT_TEAM = U6J58C8CJT;
				INFOPLIST_FILE = "Presented View Controller/Info.plist";
				LD_RUNPATH_SEARCH_PATHS = "$(inherited) @executable_path/Frameworks";
				PRODUCT_BUNDLE_IDENTIFIER = "edu.duke.rictelford.Presented-View-Controller";
				PRODUCT_NAME = "$(TARGET_NAME)";
				SWIFT_SWIFT3_OBJC_INFERENCE = Default;
				SWIFT_VERSION = 4.0;
			};
			name = Debug;
		};
		875D86221F72ADEE009962C0 /* Release */ = {
			isa = XCBuildConfiguration;
			buildSettings = {
				ASSETCATALOG_COMPILER_APPICON_NAME = AppIcon;
				DEVELOPMENT_TEAM = U6J58C8CJT;
				INFOPLIST_FILE = "Presented View Controller/Info.plist";
				LD_RUNPATH_SEARCH_PATHS = "$(inherited) @executable_path/Frameworks";
				PRODUCT_BUNDLE_IDENTIFIER = "edu.duke.rictelford.Presented-View-Controller";
				PRODUCT_NAME = "$(TARGET_NAME)";
				SWIFT_SWIFT3_OBJC_INFERENCE = Default;
				SWIFT_VERSION = 4.0;
			};
			name = Release;
		};
/* End XCBuildConfiguration section */

/* Begin XCConfigurationList section */
		875D86091F72ADEE009962C0 /* Build configuration list for PBXProject "Presented View Controller" */ = {
			isa = XCConfigurationList;
			buildConfigurations = (
				875D861E1F72ADEE009962C0 /* Debug */,
				875D861F1F72ADEE009962C0 /* Release */,
			);
			defaultConfigurationIsVisible = 0;
			defaultConfigurationName = Release;
		};
		875D86201F72ADEE009962C0 /* Build configuration list for PBXNativeTarget "Presented View Controller" */ = {
			isa = XCConfigurationList;
			buildConfigurations = (
				875D86211F72ADEE009962C0 /* Debug */,
				875D86221F72ADEE009962C0 /* Release */,
			);
			defaultConfigurationIsVisible = 0;
			defaultConfigurationName = Release;
		};
/* End XCConfigurationList section */
	};
	rootObject = 875D86061F72ADEE009962C0 /* Project object */;
}
