// !$*UTF8*$!
{
	archiveVersion = 1;
	classes = {
	};
	objectVersion = 52;
	objects = {

/* Begin PBXBuildFile section */
		0000FFBB27C7093E00E4E33E /* CodableLocation.swift in Sources */ = {isa = PBXBuildFile; fileRef = 0000FFBA27C7093E00E4E33E /* CodableLocation.swift */; };
		007B1FBE25D498D300D089EE /* AppDelegate.swift in Sources */ = {isa = PBXBuildFile; fileRef = 007B1FBD25D498D300D089EE /* AppDelegate.swift */; };
		007B1FC225D498D300D089EE /* ShowDeviceLocationUsingIndoorPositioningViewController.swift in Sources */ = {isa = PBXBuildFile; fileRef = 007B1FC125D498D300D089EE /* ShowDeviceLocationUsingIndoorPositioningViewController.swift */; };
		007B1FC525D498D300D089EE /* Main.storyboard in Resources */ = {isa = PBXBuildFile; fileRef = 007B1FC325D498D300D089EE /* Main.storyboard */; };
		007B1FC725D498D500D089EE /* Assets.xcassets in Resources */ = {isa = PBXBuildFile; fileRef = 007B1FC625D498D500D089EE /* Assets.xcassets */; };
		007B1FCA25D498D500D089EE /* LaunchScreen.storyboard in Resources */ = {isa = PBXBuildFile; fileRef = 007B1FC825D498D500D089EE /* LaunchScreen.storyboard */; };
		007B1FD625D4997500D089EE /* ArcGIS.xcframework in Frameworks */ = {isa = PBXBuildFile; fileRef = 007B1FD525D4997500D089EE /* ArcGIS.xcframework */; };
		007B1FD725D4997500D089EE /* ArcGIS.xcframework in Embed Frameworks */ = {isa = PBXBuildFile; fileRef = 007B1FD525D4997500D089EE /* ArcGIS.xcframework */; settings = {ATTRIBUTES = (CodeSignOnCopy, RemoveHeadersOnCopy, ); }; };
		00855F49279F6C7D00ACD657 /* UIViewController+Extensions.swift in Sources */ = {isa = PBXBuildFile; fileRef = 00855F48279F6C7D00ACD657 /* UIViewController+Extensions.swift */; };
		00B244902707B55D00E551A0 /* Runtimecore.xcframework in Frameworks */ = {isa = PBXBuildFile; fileRef = 00B2448F2707B55D00E551A0 /* Runtimecore.xcframework */; };
		00B244912707B55D00E551A0 /* Runtimecore.xcframework in Embed Frameworks */ = {isa = PBXBuildFile; fileRef = 00B2448F2707B55D00E551A0 /* Runtimecore.xcframework */; settings = {ATTRIBUTES = (CodeSignOnCopy, RemoveHeadersOnCopy, ); }; };
/* End PBXBuildFile section */

/* Begin PBXCopyFilesBuildPhase section */
		007B1FD825D4997500D089EE /* Embed Frameworks */ = {
			isa = PBXCopyFilesBuildPhase;
			buildActionMask = 2147483647;
			dstPath = "";
			dstSubfolderSpec = 10;
			files = (
				007B1FD725D4997500D089EE /* ArcGIS.xcframework in Embed Frameworks */,
				00B244912707B55D00E551A0 /* Runtimecore.xcframework in Embed Frameworks */,
			);
			name = "Embed Frameworks";
			runOnlyForDeploymentPostprocessing = 0;
		};
/* End PBXCopyFilesBuildPhase section */

/* Begin PBXFileReference section */
		0000FFBA27C7093E00E4E33E /* CodableLocation.swift */ = {isa = PBXFileReference; lastKnownFileType = sourcecode.swift; path = CodableLocation.swift; sourceTree = "<group>"; };
		007B1FBA25D498D300D089EE /* Demo App.app */ = {isa = PBXFileReference; explicitFileType = wrapper.application; includeInIndex = 0; path = "Demo App.app"; sourceTree = BUILT_PRODUCTS_DIR; };
		007B1FBD25D498D300D089EE /* AppDelegate.swift */ = {isa = PBXFileReference; lastKnownFileType = sourcecode.swift; path = AppDelegate.swift; sourceTree = "<group>"; };
		007B1FC125D498D300D089EE /* ShowDeviceLocationUsingIndoorPositioningViewController.swift */ = {isa = PBXFileReference; lastKnownFileType = sourcecode.swift; path = ShowDeviceLocationUsingIndoorPositioningViewController.swift; sourceTree = "<group>"; };
		007B1FC425D498D300D089EE /* Base */ = {isa = PBXFileReference; lastKnownFileType = file.storyboard; name = Base; path = Base.lproj/Main.storyboard; sourceTree = "<group>"; };
		007B1FC625D498D500D089EE /* Assets.xcassets */ = {isa = PBXFileReference; lastKnownFileType = folder.assetcatalog; path = Assets.xcassets; sourceTree = "<group>"; };
		007B1FC925D498D500D089EE /* Base */ = {isa = PBXFileReference; lastKnownFileType = file.storyboard; name = Base; path = Base.lproj/LaunchScreen.storyboard; sourceTree = "<group>"; };
		007B1FCB25D498D500D089EE /* Info.plist */ = {isa = PBXFileReference; lastKnownFileType = text.plist.xml; path = Info.plist; sourceTree = "<group>"; };
		007B1FD525D4997500D089EE /* ArcGIS.xcframework */ = {isa = PBXFileReference; lastKnownFileType = wrapper.xcframework; name = ArcGIS.xcframework; path = $HOME/Library/SDKs/ArcGIS/Frameworks/ArcGIS.xcframework; sourceTree = "<absolute>"; };
		00855F48279F6C7D00ACD657 /* UIViewController+Extensions.swift */ = {isa = PBXFileReference; lastKnownFileType = sourcecode.swift; path = "UIViewController+Extensions.swift"; sourceTree = "<group>"; };
		00B2448F2707B55D00E551A0 /* Runtimecore.xcframework */ = {isa = PBXFileReference; lastKnownFileType = wrapper.xcframework; name = Runtimecore.xcframework; path = $HOME/Library/SDKs/ArcGIS/Frameworks/Runtimecore.xcframework; sourceTree = "<group>"; };
/* End PBXFileReference section */

/* Begin PBXFrameworksBuildPhase section */
		007B1FB725D498D300D089EE /* Frameworks */ = {
			isa = PBXFrameworksBuildPhase;
			buildActionMask = 2147483647;
			files = (
				007B1FD625D4997500D089EE /* ArcGIS.xcframework in Frameworks */,
				00B244902707B55D00E551A0 /* Runtimecore.xcframework in Frameworks */,
			);
			runOnlyForDeploymentPostprocessing = 0;
		};
/* End PBXFrameworksBuildPhase section */

/* Begin PBXGroup section */
		007B1FB125D498D300D089EE = {
			isa = PBXGroup;
			children = (
				007B1FBC25D498D300D089EE /* Demo App */,
				007B1FBB25D498D300D089EE /* Products */,
				007B1FD425D4997500D089EE /* Frameworks */,
			);
			sourceTree = "<group>";
		};
		007B1FBB25D498D300D089EE /* Products */ = {
			isa = PBXGroup;
			children = (
				007B1FBA25D498D300D089EE /* Demo App.app */,
			);
			name = Products;
			sourceTree = "<group>";
		};
		007B1FBC25D498D300D089EE /* Demo App */ = {
			isa = PBXGroup;
			children = (
				007B1FBD25D498D300D089EE /* AppDelegate.swift */,
				007B1FC125D498D300D089EE /* ShowDeviceLocationUsingIndoorPositioningViewController.swift */,
				0000FFBA27C7093E00E4E33E /* CodableLocation.swift */,
				00855F48279F6C7D00ACD657 /* UIViewController+Extensions.swift */,
				007B1FC325D498D300D089EE /* Main.storyboard */,
				007B1FC825D498D500D089EE /* LaunchScreen.storyboard */,
				007B1FC625D498D500D089EE /* Assets.xcassets */,
				007B1FCB25D498D500D089EE /* Info.plist */,
			);
			path = "Demo App";
			sourceTree = "<group>";
		};
		007B1FD425D4997500D089EE /* Frameworks */ = {
			isa = PBXGroup;
			children = (
				00B2448F2707B55D00E551A0 /* Runtimecore.xcframework */,
				007B1FD525D4997500D089EE /* ArcGIS.xcframework */,
			);
			name = Frameworks;
			sourceTree = "<group>";
		};
/* End PBXGroup section */

/* Begin PBXNativeTarget section */
		007B1FB925D498D300D089EE /* Demo App */ = {
			isa = PBXNativeTarget;
			buildConfigurationList = 007B1FCE25D498D500D089EE /* Build configuration list for PBXNativeTarget "Demo App" */;
			buildPhases = (
				007B1FB625D498D300D089EE /* Sources */,
				007B1FB725D498D300D089EE /* Frameworks */,
				007B1FB825D498D300D089EE /* Resources */,
				007B1FD225D4990200D089EE /* Lint Code */,
				007B1FD825D4997500D089EE /* Embed Frameworks */,
			);
			buildRules = (
			);
			dependencies = (
			);
			name = "Demo App";
			productName = "Demo App";
			productReference = 007B1FBA25D498D300D089EE /* Demo App.app */;
			productType = "com.apple.product-type.application";
		};
/* End PBXNativeTarget section */

/* Begin PBXProject section */
		007B1FB225D498D300D089EE /* Project object */ = {
			isa = PBXProject;
			attributes = {
				LastSwiftUpdateCheck = 1240;
				LastUpgradeCheck = 1240;
				TargetAttributes = {
					007B1FB925D498D300D089EE = {
						CreatedOnToolsVersion = 12.4;
					};
				};
			};
			buildConfigurationList = 007B1FB525D498D300D089EE /* Build configuration list for PBXProject "Demo App" */;
			compatibilityVersion = "Xcode 9.3";
			developmentRegion = en;
			hasScannedForEncodings = 0;
			knownRegions = (
				en,
				Base,
			);
			mainGroup = 007B1FB125D498D300D089EE;
			productRefGroup = 007B1FBB25D498D300D089EE /* Products */;
			projectDirPath = "";
			projectRoot = "";
			targets = (
				007B1FB925D498D300D089EE /* Demo App */,
			);
		};
/* End PBXProject section */

/* Begin PBXResourcesBuildPhase section */
		007B1FB825D498D300D089EE /* Resources */ = {
			isa = PBXResourcesBuildPhase;
			buildActionMask = 2147483647;
			files = (
				007B1FCA25D498D500D089EE /* LaunchScreen.storyboard in Resources */,
				007B1FC725D498D500D089EE /* Assets.xcassets in Resources */,
				007B1FC525D498D300D089EE /* Main.storyboard in Resources */,
			);
			runOnlyForDeploymentPostprocessing = 0;
		};
/* End PBXResourcesBuildPhase section */

/* Begin PBXShellScriptBuildPhase section */
		007B1FD225D4990200D089EE /* Lint Code */ = {
			isa = PBXShellScriptBuildPhase;
			buildActionMask = 2147483647;
			files = (
			);
			inputFileListPaths = (
			);
			inputPaths = (
			);
			name = "Lint Code";
			outputFileListPaths = (
			);
			outputPaths = (
			);
			runOnlyForDeploymentPostprocessing = 0;
			shellPath = /bin/sh;
			shellScript = "if which swiftlint >/dev/null; then\n  swiftlint\nelse\n  echo \"warning: SwiftLint not installed, download from https://github.com/realm/SwiftLint\"\nfi\n";
		};
/* End PBXShellScriptBuildPhase section */

/* Begin PBXSourcesBuildPhase section */
		007B1FB625D498D300D089EE /* Sources */ = {
			isa = PBXSourcesBuildPhase;
			buildActionMask = 2147483647;
			files = (
				007B1FC225D498D300D089EE /* ShowDeviceLocationUsingIndoorPositioningViewController.swift in Sources */,
				00855F49279F6C7D00ACD657 /* UIViewController+Extensions.swift in Sources */,
				007B1FBE25D498D300D089EE /* AppDelegate.swift in Sources */,
				0000FFBB27C7093E00E4E33E /* CodableLocation.swift in Sources */,
			);
			runOnlyForDeploymentPostprocessing = 0;
		};
/* End PBXSourcesBuildPhase section */

/* Begin PBXVariantGroup section */
		007B1FC325D498D300D089EE /* Main.storyboard */ = {
			isa = PBXVariantGroup;
			children = (
				007B1FC425D498D300D089EE /* Base */,
			);
			name = Main.storyboard;
			sourceTree = "<group>";
		};
		007B1FC825D498D500D089EE /* LaunchScreen.storyboard */ = {
			isa = PBXVariantGroup;
			children = (
				007B1FC925D498D500D089EE /* Base */,
			);
			name = LaunchScreen.storyboard;
			sourceTree = "<group>";
		};
/* End PBXVariantGroup section */

/* Begin XCBuildConfiguration section */
		007B1FCC25D498D500D089EE /* Debug */ = {
			isa = XCBuildConfiguration;
			buildSettings = {
				ALWAYS_SEARCH_USER_PATHS = NO;
				CLANG_ANALYZER_NONNULL = YES;
				CLANG_ANALYZER_NUMBER_OBJECT_CONVERSION = YES_AGGRESSIVE;
				CLANG_CXX_LANGUAGE_STANDARD = "gnu++14";
				CLANG_CXX_LIBRARY = "libc++";
				CLANG_ENABLE_MODULES = YES;
				CLANG_ENABLE_OBJC_ARC = YES;
				CLANG_ENABLE_OBJC_WEAK = YES;
				CLANG_WARN_BLOCK_CAPTURE_AUTORELEASING = YES;
				CLANG_WARN_BOOL_CONVERSION = YES;
				CLANG_WARN_COMMA = YES;
				CLANG_WARN_CONSTANT_CONVERSION = YES;
				CLANG_WARN_DEPRECATED_OBJC_IMPLEMENTATIONS = YES;
				CLANG_WARN_DIRECT_OBJC_ISA_USAGE = YES_ERROR;
				CLANG_WARN_DOCUMENTATION_COMMENTS = YES;
				CLANG_WARN_EMPTY_BODY = YES;
				CLANG_WARN_ENUM_CONVERSION = YES;
				CLANG_WARN_INFINITE_RECURSION = YES;
				CLANG_WARN_INT_CONVERSION = YES;
				CLANG_WARN_NON_LITERAL_NULL_CONVERSION = YES;
				CLANG_WARN_OBJC_IMPLICIT_RETAIN_SELF = YES;
				CLANG_WARN_OBJC_LITERAL_CONVERSION = YES;
				CLANG_WARN_OBJC_ROOT_CLASS = YES_ERROR;
				CLANG_WARN_QUOTED_INCLUDE_IN_FRAMEWORK_HEADER = YES;
				CLANG_WARN_RANGE_LOOP_ANALYSIS = YES;
				CLANG_WARN_STRICT_PROTOTYPES = YES;
				CLANG_WARN_SUSPICIOUS_MOVE = YES;
				CLANG_WARN_UNGUARDED_AVAILABILITY = YES_AGGRESSIVE;
				CLANG_WARN_UNREACHABLE_CODE = YES;
				CLANG_WARN__DUPLICATE_METHOD_MATCH = YES;
				COPY_PHASE_STRIP = NO;
				DEBUG_INFORMATION_FORMAT = dwarf;
				ENABLE_STRICT_OBJC_MSGSEND = YES;
				ENABLE_TESTABILITY = YES;
				GCC_C_LANGUAGE_STANDARD = gnu11;
				GCC_DYNAMIC_NO_PIC = NO;
				GCC_NO_COMMON_BLOCKS = YES;
				GCC_OPTIMIZATION_LEVEL = 0;
				GCC_PREPROCESSOR_DEFINITIONS = (
					"DEBUG=1",
					"$(inherited)",
				);
				GCC_WARN_64_TO_32_BIT_CONVERSION = YES;
				GCC_WARN_ABOUT_RETURN_TYPE = YES_ERROR;
				GCC_WARN_UNDECLARED_SELECTOR = YES;
				GCC_WARN_UNINITIALIZED_AUTOS = YES_AGGRESSIVE;
				GCC_WARN_UNUSED_FUNCTION = YES;
				GCC_WARN_UNUSED_VARIABLE = YES;
				IPHONEOS_DEPLOYMENT_TARGET = 14.4;
				MTL_ENABLE_DEBUG_INFO = INCLUDE_SOURCE;
				MTL_FAST_MATH = YES;
				ONLY_ACTIVE_ARCH = YES;
				SDKROOT = iphoneos;
				SWIFT_ACTIVE_COMPILATION_CONDITIONS = DEBUG;
				SWIFT_OPTIMIZATION_LEVEL = "-Onone";
			};
			name = Debug;
		};
		007B1FCD25D498D500D089EE /* Release */ = {
			isa = XCBuildConfiguration;
			buildSettings = {
				ALWAYS_SEARCH_USER_PATHS = NO;
				CLANG_ANALYZER_NONNULL = YES;
				CLANG_ANALYZER_NUMBER_OBJECT_CONVERSION = YES_AGGRESSIVE;
				CLANG_CXX_LANGUAGE_STANDARD = "gnu++14";
				CLANG_CXX_LIBRARY = "libc++";
				CLANG_ENABLE_MODULES = YES;
				CLANG_ENABLE_OBJC_ARC = YES;
				CLANG_ENABLE_OBJC_WEAK = YES;
				CLANG_WARN_BLOCK_CAPTURE_AUTORELEASING = YES;
				CLANG_WARN_BOOL_CONVERSION = YES;
				CLANG_WARN_COMMA = YES;
				CLANG_WARN_CONSTANT_CONVERSION = YES;
				CLANG_WARN_DEPRECATED_OBJC_IMPLEMENTATIONS = YES;
				CLANG_WARN_DIRECT_OBJC_ISA_USAGE = YES_ERROR;
				CLANG_WARN_DOCUMENTATION_COMMENTS = YES;
				CLANG_WARN_EMPTY_BODY = YES;
				CLANG_WARN_ENUM_CONVERSION = YES;
				CLANG_WARN_INFINITE_RECURSION = YES;
				CLANG_WARN_INT_CONVERSION = YES;
				CLANG_WARN_NON_LITERAL_NULL_CONVERSION = YES;
				CLANG_WARN_OBJC_IMPLICIT_RETAIN_SELF = YES;
				CLANG_WARN_OBJC_LITERAL_CONVERSION = YES;
				CLANG_WARN_OBJC_ROOT_CLASS = YES_ERROR;
				CLANG_WARN_QUOTED_INCLUDE_IN_FRAMEWORK_HEADER = YES;
				CLANG_WARN_RANGE_LOOP_ANALYSIS = YES;
				CLANG_WARN_STRICT_PROTOTYPES = YES;
				CLANG_WARN_SUSPICIOUS_MOVE = YES;
				CLANG_WARN_UNGUARDED_AVAILABILITY = YES_AGGRESSIVE;
				CLANG_WARN_UNREACHABLE_CODE = YES;
				CLANG_WARN__DUPLICATE_METHOD_MATCH = YES;
				COPY_PHASE_STRIP = NO;
				DEBUG_INFORMATION_FORMAT = "dwarf-with-dsym";
				ENABLE_NS_ASSERTIONS = NO;
				ENABLE_STRICT_OBJC_MSGSEND = YES;
				GCC_C_LANGUAGE_STANDARD = gnu11;
				GCC_NO_COMMON_BLOCKS = YES;
				GCC_WARN_64_TO_32_BIT_CONVERSION = YES;
				GCC_WARN_ABOUT_RETURN_TYPE = YES_ERROR;
				GCC_WARN_UNDECLARED_SELECTOR = YES;
				GCC_WARN_UNINITIALIZED_AUTOS = YES_AGGRESSIVE;
				GCC_WARN_UNUSED_FUNCTION = YES;
				GCC_WARN_UNUSED_VARIABLE = YES;
				IPHONEOS_DEPLOYMENT_TARGET = 14.4;
				MTL_ENABLE_DEBUG_INFO = NO;
				MTL_FAST_MATH = YES;
				SDKROOT = iphoneos;
				SWIFT_COMPILATION_MODE = wholemodule;
				SWIFT_OPTIMIZATION_LEVEL = "-O";
				VALIDATE_PRODUCT = YES;
			};
			name = Release;
		};
		007B1FCF25D498D500D089EE /* Debug */ = {
			isa = XCBuildConfiguration;
			buildSettings = {
				ASSETCATALOG_COMPILER_APPICON_NAME = AppIcon;
				ASSETCATALOG_COMPILER_GLOBAL_ACCENT_COLOR_NAME = AccentColor;
				CODE_SIGN_STYLE = Automatic;
				DEVELOPMENT_TEAM = "";
				INFOPLIST_FILE = "Demo App/Info.plist";
				IPHONEOS_DEPLOYMENT_TARGET = 15.0;
				LD_RUNPATH_SEARCH_PATHS = (
					"$(inherited)",
					"@executable_path/Frameworks",
				);
				PRODUCT_BUNDLE_IDENTIFIER = "com.esri.appname.Demo-App";
				PRODUCT_NAME = "$(TARGET_NAME)";
				SWIFT_VERSION = 5.0;
				TARGETED_DEVICE_FAMILY = "1,2";
			};
			name = Debug;
		};
		007B1FD025D498D500D089EE /* Release */ = {
			isa = XCBuildConfiguration;
			buildSettings = {
				ASSETCATALOG_COMPILER_APPICON_NAME = AppIcon;
				ASSETCATALOG_COMPILER_GLOBAL_ACCENT_COLOR_NAME = AccentColor;
				CODE_SIGN_STYLE = Automatic;
				DEVELOPMENT_TEAM = "";
				INFOPLIST_FILE = "Demo App/Info.plist";
				IPHONEOS_DEPLOYMENT_TARGET = 15.0;
				LD_RUNPATH_SEARCH_PATHS = (
					"$(inherited)",
					"@executable_path/Frameworks",
				);
				PRODUCT_BUNDLE_IDENTIFIER = "com.esri.appname.Demo-App";
				PRODUCT_NAME = "$(TARGET_NAME)";
				SWIFT_VERSION = 5.0;
				TARGETED_DEVICE_FAMILY = "1,2";
			};
			name = Release;
		};
/* End XCBuildConfiguration section */

/* Begin XCConfigurationList section */
		007B1FB525D498D300D089EE /* Build configuration list for PBXProject "Demo App" */ = {
			isa = XCConfigurationList;
			buildConfigurations = (
				007B1FCC25D498D500D089EE /* Debug */,
				007B1FCD25D498D500D089EE /* Release */,
			);
			defaultConfigurationIsVisible = 0;
			defaultConfigurationName = Release;
		};
		007B1FCE25D498D500D089EE /* Build configuration list for PBXNativeTarget "Demo App" */ = {
			isa = XCConfigurationList;
			buildConfigurations = (
				007B1FCF25D498D500D089EE /* Debug */,
				007B1FD025D498D500D089EE /* Release */,
			);
			defaultConfigurationIsVisible = 0;
			defaultConfigurationName = Release;
		};
/* End XCConfigurationList section */
	};
	rootObject = 007B1FB225D498D300D089EE /* Project object */;
}
