PODS:
  - IBMSwiftCircuitBreaker (5.0.1):
    - LoggerAPI (~> 1.7)
  - ISEmojiView (0.2.2)
  - KituraContracts (1.1.2):
    - LoggerAPI (~> 1.7)
  - KituraKit (0.0.23):
    - KituraContracts (~> 1.1)
    - SwiftyRequest (~> 2.0)
  - LoggerAPI (1.9.0):
    - Logging (~> 1.1)
  - Logging (1.1.0)
  - SwiftyRequest (2.0.6):
    - IBMSwiftCircuitBreaker (~> 5.0)
    - LoggerAPI (~> 1.7)

DEPENDENCIES:
  - ISEmojiView
  - KituraKit

SPEC REPOS:
  https://github.com/cocoapods/specs.git:
    - IBMSwiftCircuitBreaker
    - ISEmojiView
    - KituraContracts
    - KituraKit
    - LoggerAPI
    - Logging
    - SwiftyRequest

SPEC CHECKSUMS:
  IBMSwiftCircuitBreaker: d85929ca34eeec50bf84760fc07348111d6f4010
  ISEmojiView: 3198116ef9f442857c3a69241b15e3ad7856f461
  KituraContracts: fdb9576d40d1ac737765128158bfd412705b1c3b
  KituraKit: 6ba9557461bc3a287352f0987c7ce8340242fc2e
  LoggerAPI: fb78461eedac5316b290f2404d88b9d614d96c57
  Logging: 0f0b5d7d124fab770fde88cf942cb57a63804236
  SwiftyRequest: 64cd713bf59151e19c4c5ff59edc35bb4e4dac04

PODFILE CHECKSUM: 49bbabc6bc1600701215096f5ff6833df1c111c1

COCOAPODS: 1.6.1
